
Microsoft Visual Studio Solution File, Format Version 12.00
# Visual Studio 2012
Project("{FAE04EC0-301F-11D3-BF4B-00C04F79EFBC}") = "ConsoleApplication18", "ConsoleApplication18\ConsoleApplication18.csproj", "{DC14BC47-7F69-477B-8C34-D2D0B1C4A728}"
EndProject
Global
	GlobalSection(SolutionConfigurationPlatforms) = preSolution
		Debug|Any CPU = Debug|Any CPU
		Release|Any CPU = Release|Any CPU
	EndGlobalSection
	GlobalSection(ProjectConfigurationPlatforms) = postSolution
		{DC14BC47-7F69-477B-8C34-D2D0B1C4A728}.Debug|Any CPU.ActiveCfg = Debug|Any CPU
		{DC14BC47-7F69-477B-8C34-D2D0B1C4A728}.Debug|Any CPU.Build.0 = Debug|Any CPU
		{DC14BC47-7F69-477B-8C34-D2D0B1C4A728}.Release|Any CPU.ActiveCfg = Release|Any CPU
		{DC14BC47-7F69-477B-8C34-D2D0B1C4A728}.Release|Any CPU.Build.0 = Release|Any CPU
	EndGlobalSection
	GlobalSection(SolutionProperties) = preSolution
		HideSolutionNode = FALSE
	EndGlobalSection
EndGlobal
